
Microsoft Visual Studio Solution File, Format Version 12.00
# Visual Studio Version 17
VisualStudioVersion = 17.4.33205.214
MinimumVisualStudioVersion = 10.0.40219.1
Project("{9A19103F-16F7-4668-BE54-9A1E7A4F7556}") = "SiteScapPolling", "SiteScapPolling\SiteScapPolling.csproj", "{B1D67F6F-23ED-4475-9CCC-6FD7B33AFE98}"
EndProject
Project("{FAE04EC0-301F-11D3-BF4B-00C04F79EFBC}") = "SiteScrapPolling.Scrap", "SiteScrapPolling.Scrap\SiteScrapPolling.Scrap.csproj", "{506693E7-7522-4689-B770-5F72322BE3E3}"
EndProject
Project("{FAE04EC0-301F-11D3-BF4B-00C04F79EFBC}") = "SiteScrapPolling.Polling", "SiteScrapPolling.Polling\SiteScrapPolling.Polling.csproj", "{EC976072-99E2-4E43-A32C-AF6D7BFC3136}"
EndProject
Project("{2150E333-8FDC-42A3-9474-1A3956D46DE8}") = "items", "items", "{DF2E65A2-29F7-4CAE-B20D-61EB34085642}"
	ProjectSection(SolutionItems) = preProject
		.editorconfig = .editorconfig
		SiteScapPolling.DotSettings = SiteScapPolling.DotSettings
	EndProjectSection
EndProject
Global
	GlobalSection(SolutionConfigurationPlatforms) = preSolution
		Debug|Any CPU = Debug|Any CPU
		Release|Any CPU = Release|Any CPU
	EndGlobalSection
	GlobalSection(ProjectConfigurationPlatforms) = postSolution
		{B1D67F6F-23ED-4475-9CCC-6FD7B33AFE98}.Debug|Any CPU.ActiveCfg = Debug|Any CPU
		{B1D67F6F-23ED-4475-9CCC-6FD7B33AFE98}.Debug|Any CPU.Build.0 = Debug|Any CPU
		{B1D67F6F-23ED-4475-9CCC-6FD7B33AFE98}.Release|Any CPU.ActiveCfg = Release|Any CPU
		{B1D67F6F-23ED-4475-9CCC-6FD7B33AFE98}.Release|Any CPU.Build.0 = Release|Any CPU
		{506693E7-7522-4689-B770-5F72322BE3E3}.Debug|Any CPU.ActiveCfg = Debug|Any CPU
		{506693E7-7522-4689-B770-5F72322BE3E3}.Debug|Any CPU.Build.0 = Debug|Any CPU
		{506693E7-7522-4689-B770-5F72322BE3E3}.Release|Any CPU.ActiveCfg = Release|Any CPU
		{506693E7-7522-4689-B770-5F72322BE3E3}.Release|Any CPU.Build.0 = Release|Any CPU
		{EC976072-99E2-4E43-A32C-AF6D7BFC3136}.Debug|Any CPU.ActiveCfg = Debug|Any CPU
		{EC976072-99E2-4E43-A32C-AF6D7BFC3136}.Debug|Any CPU.Build.0 = Debug|Any CPU
		{EC976072-99E2-4E43-A32C-AF6D7BFC3136}.Release|Any CPU.ActiveCfg = Release|Any CPU
		{EC976072-99E2-4E43-A32C-AF6D7BFC3136}.Release|Any CPU.Build.0 = Release|Any CPU
	EndGlobalSection
	GlobalSection(SolutionProperties) = preSolution
		HideSolutionNode = FALSE
	EndGlobalSection
	GlobalSection(ExtensibilityGlobals) = postSolution
		SolutionGuid = {F30B4FEE-4F51-429D-99F5-13C09EC205FD}
	EndGlobalSection
EndGlobal
